{
	"name": "@device.farm/mqtt-reg",
	"version": "1.0.19",
	"lockfileVersion": 1,
	"requires": true,
	"dependencies": {
		"@device.farm/mqtt-mtl": {
			"version": "1.0.1",
			"resolved": "https://registry.npmjs.org/@device.farm/mqtt-mtl/-/mqtt-mtl-1.0.1.tgz",
			"integrity": "sha512-uDghyppyylMz98NRjtOH2NOhNxQLTLlljCfzRkthMgMph0Af0aqKvARPofycdToGCpA5icQvh7auxZS4oUocPA=="
		},
		"fast-deep-equal": {
			"version": "2.0.1",
			"resolved": "https://registry.npmjs.org/fast-deep-equal/-/fast-deep-equal-2.0.1.tgz",
			"integrity": "sha1-ewUhjd+WZ79/Nwv3/bLLFf3Qqkk="
		}
	}
}
